// !$*UTF8*$!
{
	archiveVersion = 1;
	classes = {
	};
	objectVersion = 46;
	objects = {

/* Begin PBXBuildFile section */
		BC50386E1B5F2B4500DFA457 /* Realm.framework in Frameworks */ = {isa = PBXBuildFile; fileRef = BC50386D1B5F2B4500DFA457 /* Realm.framework */; };
		BC5038701B5F2BCB00DFA457 /* MainStoryboard.storyboard in Resources */ = {isa = PBXBuildFile; fileRef = BC50386F1B5F2BCB00DFA457 /* MainStoryboard.storyboard */; };
		BCD4D6E51B5F232300190118 /* main.m in Sources */ = {isa = PBXBuildFile; fileRef = BCD4D6E41B5F232300190118 /* main.m */; };
		BCD4D6E81B5F232300190118 /* AppDelegate.m in Sources */ = {isa = PBXBuildFile; fileRef = BCD4D6E71B5F232300190118 /* AppDelegate.m */; };
		BCD4D6EB1B5F232300190118 /* BlocNotes.xcdatamodeld in Sources */ = {isa = PBXBuildFile; fileRef = BCD4D6E91B5F232300190118 /* BlocNotes.xcdatamodeld */; };
		BCD4D6ED1B5F232300190118 /* Images.xcassets in Resources */ = {isa = PBXBuildFile; fileRef = BCD4D6EC1B5F232300190118 /* Images.xcassets */; };
		BCD4D6F01B5F232300190118 /* LaunchScreen.xib in Resources */ = {isa = PBXBuildFile; fileRef = BCD4D6EE1B5F232300190118 /* LaunchScreen.xib */; };
		BCD4D6FC1B5F232300190118 /* BlocNotesTests.m in Sources */ = {isa = PBXBuildFile; fileRef = BCD4D6FB1B5F232300190118 /* BlocNotesTests.m */; };
		BCFE21B61B5F272D00D33A02 /* Note.m in Sources */ = {isa = PBXBuildFile; fileRef = BCFE21B51B5F272D00D33A02 /* Note.m */; };
		BCFE21B81B5F27B000D33A02 /* libc++.dylib in Frameworks */ = {isa = PBXBuildFile; fileRef = BCFE21B71B5F27B000D33A02 /* libc++.dylib */; };
/* End PBXBuildFile section */

/* Begin PBXContainerItemProxy section */
		BCD4D6F61B5F232300190118 /* PBXContainerItemProxy */ = {
			isa = PBXContainerItemProxy;
			containerPortal = BCD4D6D71B5F232300190118 /* Project object */;
			proxyType = 1;
			remoteGlobalIDString = BCD4D6DE1B5F232300190118;
			remoteInfo = BlocNotes;
		};
/* End PBXContainerItemProxy section */

/* Begin PBXFileReference section */
		BC50386D1B5F2B4500DFA457 /* Realm.framework */ = {isa = PBXFileReference; lastKnownFileType = wrapper.framework; path = Realm.framework; sourceTree = "<group>"; };
		BC50386F1B5F2BCB00DFA457 /* MainStoryboard.storyboard */ = {isa = PBXFileReference; fileEncoding = 4; lastKnownFileType = file.storyboard; path = MainStoryboard.storyboard; sourceTree = "<group>"; };
		BCD4D6DF1B5F232300190118 /* BlocNotes.app */ = {isa = PBXFileReference; explicitFileType = wrapper.application; includeInIndex = 0; path = BlocNotes.app; sourceTree = BUILT_PRODUCTS_DIR; };
		BCD4D6E31B5F232300190118 /* Info.plist */ = {isa = PBXFileReference; lastKnownFileType = text.plist.xml; path = Info.plist; sourceTree = "<group>"; };
		BCD4D6E41B5F232300190118 /* main.m */ = {isa = PBXFileReference; lastKnownFileType = sourcecode.c.objc; path = main.m; sourceTree = "<group>"; };
		BCD4D6E61B5F232300190118 /* AppDelegate.h */ = {isa = PBXFileReference; lastKnownFileType = sourcecode.c.h; path = AppDelegate.h; sourceTree = "<group>"; };
		BCD4D6E71B5F232300190118 /* AppDelegate.m */ = {isa = PBXFileReference; lastKnownFileType = sourcecode.c.objc; path = AppDelegate.m; sourceTree = "<group>"; };
		BCD4D6EA1B5F232300190118 /* BlocNotes.xcdatamodel */ = {isa = PBXFileReference; lastKnownFileType = wrapper.xcdatamodel; path = BlocNotes.xcdatamodel; sourceTree = "<group>"; };
		BCD4D6EC1B5F232300190118 /* Images.xcassets */ = {isa = PBXFileReference; lastKnownFileType = folder.assetcatalog; path = Images.xcassets; sourceTree = "<group>"; };
		BCD4D6EF1B5F232300190118 /* Base */ = {isa = PBXFileReference; lastKnownFileType = file.xib; name = Base; path = Base.lproj/LaunchScreen.xib; sourceTree = "<group>"; };
		BCD4D6F51B5F232300190118 /* BlocNotesTests.xctest */ = {isa = PBXFileReference; explicitFileType = wrapper.cfbundle; includeInIndex = 0; path = BlocNotesTests.xctest; sourceTree = BUILT_PRODUCTS_DIR; };
		BCD4D6FA1B5F232300190118 /* Info.plist */ = {isa = PBXFileReference; lastKnownFileType = text.plist.xml; path = Info.plist; sourceTree = "<group>"; };
		BCD4D6FB1B5F232300190118 /* BlocNotesTests.m */ = {isa = PBXFileReference; lastKnownFileType = sourcecode.c.objc; path = BlocNotesTests.m; sourceTree = "<group>"; };
		BCFE21B41B5F272D00D33A02 /* Note.h */ = {isa = PBXFileReference; fileEncoding = 4; lastKnownFileType = sourcecode.c.h; path = Note.h; sourceTree = "<group>"; };
		BCFE21B51B5F272D00D33A02 /* Note.m */ = {isa = PBXFileReference; fileEncoding = 4; lastKnownFileType = sourcecode.c.objc; path = Note.m; sourceTree = "<group>"; };
		BCFE21B71B5F27B000D33A02 /* libc++.dylib */ = {isa = PBXFileReference; lastKnownFileType = "compiled.mach-o.dylib"; name = "libc++.dylib"; path = "usr/lib/libc++.dylib"; sourceTree = SDKROOT; };
/* End PBXFileReference section */

/* Begin PBXFrameworksBuildPhase section */
		BCD4D6DC1B5F232300190118 /* Frameworks */ = {
			isa = PBXFrameworksBuildPhase;
			buildActionMask = 2147483647;
			files = (
				BC50386E1B5F2B4500DFA457 /* Realm.framework in Frameworks */,
				BCFE21B81B5F27B000D33A02 /* libc++.dylib in Frameworks */,
			);
			runOnlyForDeploymentPostprocessing = 0;
		};
		BCD4D6F21B5F232300190118 /* Frameworks */ = {
			isa = PBXFrameworksBuildPhase;
			buildActionMask = 2147483647;
			files = (
			);
			runOnlyForDeploymentPostprocessing = 0;
		};
/* End PBXFrameworksBuildPhase section */

/* Begin PBXGroup section */
		BCD4D6D61B5F232300190118 = {
			isa = PBXGroup;
			children = (
				BC50386D1B5F2B4500DFA457 /* Realm.framework */,
				BCFE21B71B5F27B000D33A02 /* libc++.dylib */,
				BCD4D6E11B5F232300190118 /* BlocNotes */,
				BCD4D6F81B5F232300190118 /* BlocNotesTests */,
				BCD4D6E01B5F232300190118 /* Products */,
			);
			sourceTree = "<group>";
		};
		BCD4D6E01B5F232300190118 /* Products */ = {
			isa = PBXGroup;
			children = (
				BCD4D6DF1B5F232300190118 /* BlocNotes.app */,
				BCD4D6F51B5F232300190118 /* BlocNotesTests.xctest */,
			);
			name = Products;
			sourceTree = "<group>";
		};
		BCD4D6E11B5F232300190118 /* BlocNotes */ = {
			isa = PBXGroup;
			children = (
				BCD4D6E61B5F232300190118 /* AppDelegate.h */,
				BCD4D6E71B5F232300190118 /* AppDelegate.m */,
				BCFE21B41B5F272D00D33A02 /* Note.h */,
				BC50386F1B5F2BCB00DFA457 /* MainStoryboard.storyboard */,
				BCFE21B51B5F272D00D33A02 /* Note.m */,
				BCD4D6EC1B5F232300190118 /* Images.xcassets */,
				BCD4D6EE1B5F232300190118 /* LaunchScreen.xib */,
				BCD4D6E91B5F232300190118 /* BlocNotes.xcdatamodeld */,
				BCD4D6E21B5F232300190118 /* Supporting Files */,
			);
			path = BlocNotes;
			sourceTree = "<group>";
		};
		BCD4D6E21B5F232300190118 /* Supporting Files */ = {
			isa = PBXGroup;
			children = (
				BCD4D6E31B5F232300190118 /* Info.plist */,
				BCD4D6E41B5F232300190118 /* main.m */,
			);
			name = "Supporting Files";
			sourceTree = "<group>";
		};
		BCD4D6F81B5F232300190118 /* BlocNotesTests */ = {
			isa = PBXGroup;
			children = (
				BCD4D6FB1B5F232300190118 /* BlocNotesTests.m */,
				BCD4D6F91B5F232300190118 /* Supporting Files */,
			);
			path = BlocNotesTests;
			sourceTree = "<group>";
		};
		BCD4D6F91B5F232300190118 /* Supporting Files */ = {
			isa = PBXGroup;
			children = (
				BCD4D6FA1B5F232300190118 /* Info.plist */,
			);
			name = "Supporting Files";
			sourceTree = "<group>";
		};
/* End PBXGroup section */

/* Begin PBXNativeTarget section */
		BCD4D6DE1B5F232300190118 /* BlocNotes */ = {
			isa = PBXNativeTarget;
			buildConfigurationList = BCD4D6FF1B5F232300190118 /* Build configuration list for PBXNativeTarget "BlocNotes" */;
			buildPhases = (
				BCD4D6DB1B5F232300190118 /* Sources */,
				BCD4D6DC1B5F232300190118 /* Frameworks */,
				BCD4D6DD1B5F232300190118 /* Resources */,
			);
			buildRules = (
			);
			dependencies = (
			);
			name = BlocNotes;
			productName = BlocNotes;
			productReference = BCD4D6DF1B5F232300190118 /* BlocNotes.app */;
			productType = "com.apple.product-type.application";
		};
		BCD4D6F41B5F232300190118 /* BlocNotesTests */ = {
			isa = PBXNativeTarget;
			buildConfigurationList = BCD4D7021B5F232300190118 /* Build configuration list for PBXNativeTarget "BlocNotesTests" */;
			buildPhases = (
				BCD4D6F11B5F232300190118 /* Sources */,
				BCD4D6F21B5F232300190118 /* Frameworks */,
				BCD4D6F31B5F232300190118 /* Resources */,
			);
			buildRules = (
			);
			dependencies = (
				BCD4D6F71B5F232300190118 /* PBXTargetDependency */,
			);
			name = BlocNotesTests;
			productName = BlocNotesTests;
			productReference = BCD4D6F51B5F232300190118 /* BlocNotesTests.xctest */;
			productType = "com.apple.product-type.bundle.unit-test";
		};
/* End PBXNativeTarget section */

/* Begin PBXProject section */
		BCD4D6D71B5F232300190118 /* Project object */ = {
			isa = PBXProject;
			attributes = {
				LastUpgradeCheck = 0640;
				ORGANIZATIONNAME = "Diego Aguirre";
				TargetAttributes = {
					BCD4D6DE1B5F232300190118 = {
						CreatedOnToolsVersion = 6.4;
					};
					BCD4D6F41B5F232300190118 = {
						CreatedOnToolsVersion = 6.4;
						TestTargetID = BCD4D6DE1B5F232300190118;
					};
				};
			};
			buildConfigurationList = BCD4D6DA1B5F232300190118 /* Build configuration list for PBXProject "BlocNotes" */;
			compatibilityVersion = "Xcode 3.2";
			developmentRegion = English;
			hasScannedForEncodings = 0;
			knownRegions = (
				en,
				Base,
			);
			mainGroup = BCD4D6D61B5F232300190118;
			productRefGroup = BCD4D6E01B5F232300190118 /* Products */;
			projectDirPath = "";
			projectRoot = "";
			targets = (
				BCD4D6DE1B5F232300190118 /* BlocNotes */,
				BCD4D6F41B5F232300190118 /* BlocNotesTests */,
			);
		};
/* End PBXProject section */

/* Begin PBXResourcesBuildPhase section */
		BCD4D6DD1B5F232300190118 /* Resources */ = {
			isa = PBXResourcesBuildPhase;
			buildActionMask = 2147483647;
			files = (
				BC5038701B5F2BCB00DFA457 /* MainStoryboard.storyboard in Resources */,
				BCD4D6F01B5F232300190118 /* LaunchScreen.xib in Resources */,
				BCD4D6ED1B5F232300190118 /* Images.xcassets in Resources */,
			);
			runOnlyForDeploymentPostprocessing = 0;
		};
		BCD4D6F31B5F232300190118 /* Resources */ = {
			isa = PBXResourcesBuildPhase;
			buildActionMask = 2147483647;
			files = (
			);
			runOnlyForDeploymentPostprocessing = 0;
		};
/* End PBXResourcesBuildPhase section */

/* Begin PBXSourcesBuildPhase section */
		BCD4D6DB1B5F232300190118 /* Sources */ = {
			isa = PBXSourcesBuildPhase;
			buildActionMask = 2147483647;
			files = (
				BCD4D6E81B5F232300190118 /* AppDelegate.m in Sources */,
				BCD4D6EB1B5F232300190118 /* BlocNotes.xcdatamodeld in Sources */,
				BCD4D6E51B5F232300190118 /* main.m in Sources */,
				BCFE21B61B5F272D00D33A02 /* Note.m in Sources */,
			);
			runOnlyForDeploymentPostprocessing = 0;
		};
		BCD4D6F11B5F232300190118 /* Sources */ = {
			isa = PBXSourcesBuildPhase;
			buildActionMask = 2147483647;
			files = (
				BCD4D6FC1B5F232300190118 /* BlocNotesTests.m in Sources */,
			);
			runOnlyForDeploymentPostprocessing = 0;
		};
/* End PBXSourcesBuildPhase section */

/* Begin PBXTargetDependency section */
		BCD4D6F71B5F232300190118 /* PBXTargetDependency */ = {
			isa = PBXTargetDependency;
			target = BCD4D6DE1B5F232300190118 /* BlocNotes */;
			targetProxy = BCD4D6F61B5F232300190118 /* PBXContainerItemProxy */;
		};
/* End PBXTargetDependency section */

/* Begin PBXVariantGroup section */
		BCD4D6EE1B5F232300190118 /* LaunchScreen.xib */ = {
			isa = PBXVariantGroup;
			children = (
				BCD4D6EF1B5F232300190118 /* Base */,
			);
			name = LaunchScreen.xib;
			sourceTree = "<group>";
		};
/* End PBXVariantGroup section */

/* Begin XCBuildConfiguration section */
		BCD4D6FD1B5F232300190118 /* Debug */ = {
			isa = XCBuildConfiguration;
			buildSettings = {
				ALWAYS_SEARCH_USER_PATHS = NO;
				CLANG_CXX_LANGUAGE_STANDARD = "gnu++0x";
				CLANG_CXX_LIBRARY = "libc++";
				CLANG_ENABLE_MODULES = YES;
				CLANG_ENABLE_OBJC_ARC = YES;
				CLANG_WARN_BOOL_CONVERSION = YES;
				CLANG_WARN_CONSTANT_CONVERSION = YES;
				CLANG_WARN_DIRECT_OBJC_ISA_USAGE = YES_ERROR;
				CLANG_WARN_EMPTY_BODY = YES;
				CLANG_WARN_ENUM_CONVERSION = YES;
				CLANG_WARN_INT_CONVERSION = YES;
				CLANG_WARN_OBJC_ROOT_CLASS = YES_ERROR;
				CLANG_WARN_UNREACHABLE_CODE = YES;
				CLANG_WARN__DUPLICATE_METHOD_MATCH = YES;
				"CODE_SIGN_IDENTITY[sdk=iphoneos*]" = "iPhone Developer";
				COPY_PHASE_STRIP = NO;
				DEBUG_INFORMATION_FORMAT = "dwarf-with-dsym";
				ENABLE_STRICT_OBJC_MSGSEND = YES;
				GCC_C_LANGUAGE_STANDARD = gnu99;
				GCC_DYNAMIC_NO_PIC = NO;
				GCC_NO_COMMON_BLOCKS = YES;
				GCC_OPTIMIZATION_LEVEL = 0;
				GCC_PREPROCESSOR_DEFINITIONS = (
					"DEBUG=1",
					"$(inherited)",
				);
				GCC_SYMBOLS_PRIVATE_EXTERN = NO;
				GCC_WARN_64_TO_32_BIT_CONVERSION = YES;
				GCC_WARN_ABOUT_RETURN_TYPE = YES_ERROR;
				GCC_WARN_UNDECLARED_SELECTOR = YES;
				GCC_WARN_UNINITIALIZED_AUTOS = YES_AGGRESSIVE;
				GCC_WARN_UNUSED_FUNCTION = YES;
				GCC_WARN_UNUSED_VARIABLE = YES;
				IPHONEOS_DEPLOYMENT_TARGET = 8.4;
				MTL_ENABLE_DEBUG_INFO = YES;
				ONLY_ACTIVE_ARCH = YES;
				SDKROOT = iphoneos;
			};
			name = Debug;
		};
		BCD4D6FE1B5F232300190118 /* Release */ = {
			isa = XCBuildConfiguration;
			buildSettings = {
				ALWAYS_SEARCH_USER_PATHS = NO;
				CLANG_CXX_LANGUAGE_STANDARD = "gnu++0x";
				CLANG_CXX_LIBRARY = "libc++";
				CLANG_ENABLE_MODULES = YES;
				CLANG_ENABLE_OBJC_ARC = YES;
				CLANG_WARN_BOOL_CONVERSION = YES;
				CLANG_WARN_CONSTANT_CONVERSION = YES;
				CLANG_WARN_DIRECT_OBJC_ISA_USAGE = YES_ERROR;
				CLANG_WARN_EMPTY_BODY = YES;
				CLANG_WARN_ENUM_CONVERSION = YES;
				CLANG_WARN_INT_CONVERSION = YES;
				CLANG_WARN_OBJC_ROOT_CLASS = YES_ERROR;
				CLANG_WARN_UNREACHABLE_CODE = YES;
				CLANG_WARN__DUPLICATE_METHOD_MATCH = YES;
				"CODE_SIGN_IDENTITY[sdk=iphoneos*]" = "iPhone Developer";
				COPY_PHASE_STRIP = NO;
				DEBUG_INFORMATION_FORMAT = "dwarf-with-dsym";
				ENABLE_NS_ASSERTIONS = NO;
				ENABLE_STRICT_OBJC_MSGSEND = YES;
				GCC_C_LANGUAGE_STANDARD = gnu99;
				GCC_NO_COMMON_BLOCKS = YES;
				GCC_WARN_64_TO_32_BIT_CONVERSION = YES;
				GCC_WARN_ABOUT_RETURN_TYPE = YES_ERROR;
				GCC_WARN_UNDECLARED_SELECTOR = YES;
				GCC_WARN_UNINITIALIZED_AUTOS = YES_AGGRESSIVE;
				GCC_WARN_UNUSED_FUNCTION = YES;
				GCC_WARN_UNUSED_VARIABLE = YES;
				IPHONEOS_DEPLOYMENT_TARGET = 8.4;
				MTL_ENABLE_DEBUG_INFO = NO;
				SDKROOT = iphoneos;
				VALIDATE_PRODUCT = YES;
			};
			name = Release;
		};
		BCD4D7001B5F232300190118 /* Debug */ = {
			isa = XCBuildConfiguration;
			buildSettings = {
				ASSETCATALOG_COMPILER_APPICON_NAME = AppIcon;
				FRAMEWORK_SEARCH_PATHS = (
					"$(inherited)",
					"$(PROJECT_DIR)",
				);
				INFOPLIST_FILE = BlocNotes/Info.plist;
				LD_RUNPATH_SEARCH_PATHS = "$(inherited) @executable_path/Frameworks";
				PRODUCT_NAME = "$(TARGET_NAME)";
			};
			name = Debug;
		};
		BCD4D7011B5F232300190118 /* Release */ = {
			isa = XCBuildConfiguration;
			buildSettings = {
				ASSETCATALOG_COMPILER_APPICON_NAME = AppIcon;
				FRAMEWORK_SEARCH_PATHS = (
					"$(inherited)",
					"$(PROJECT_DIR)",
				);
				INFOPLIST_FILE = BlocNotes/Info.plist;
				LD_RUNPATH_SEARCH_PATHS = "$(inherited) @executable_path/Frameworks";
				PRODUCT_NAME = "$(TARGET_NAME)";
			};
			name = Release;
		};
		BCD4D7031B5F232300190118 /* Debug */ = {
			isa = XCBuildConfiguration;
			buildSettings = {
				BUNDLE_LOADER = "$(TEST_HOST)";
				FRAMEWORK_SEARCH_PATHS = (
					"$(SDKROOT)/Developer/Library/Frameworks",
					"$(inherited)",
				);
				GCC_PREPROCESSOR_DEFINITIONS = (
					"DEBUG=1",
					"$(inherited)",
				);
				INFOPLIST_FILE = BlocNotesTests/Info.plist;
				LD_RUNPATH_SEARCH_PATHS = "$(inherited) @executable_path/Frameworks @loader_path/Frameworks";
				PRODUCT_NAME = "$(TARGET_NAME)";
				TEST_HOST = "$(BUILT_PRODUCTS_DIR)/BlocNotes.app/BlocNotes";
			};
			name = Debug;
		};
		BCD4D7041B5F232300190118 /* Release */ = {
			isa = XCBuildConfiguration;
			buildSettings = {
				BUNDLE_LOADER = "$(TEST_HOST)";
				FRAMEWORK_SEARCH_PATHS = (
					"$(SDKROOT)/Developer/Library/Frameworks",
					"$(inherited)",
				);
				INFOPLIST_FILE = BlocNotesTests/Info.plist;
				LD_RUNPATH_SEARCH_PATHS = "$(inherited) @executable_path/Frameworks @loader_path/Frameworks";
				PRODUCT_NAME = "$(TARGET_NAME)";
				TEST_HOST = "$(BUILT_PRODUCTS_DIR)/BlocNotes.app/BlocNotes";
			};
			name = Release;
		};
/* End XCBuildConfiguration section */

/* Begin XCConfigurationList section */
		BCD4D6DA1B5F232300190118 /* Build configuration list for PBXProject "BlocNotes" */ = {
			isa = XCConfigurationList;
			buildConfigurations = (
				BCD4D6FD1B5F232300190118 /* Debug */,
				BCD4D6FE1B5F232300190118 /* Release */,
			);
			defaultConfigurationIsVisible = 0;
			defaultConfigurationName = Release;
		};
		BCD4D6FF1B5F232300190118 /* Build configuration list for PBXNativeTarget "BlocNotes" */ = {
			isa = XCConfigurationList;
			buildConfigurations = (
				BCD4D7001B5F232300190118 /* Debug */,
				BCD4D7011B5F232300190118 /* Release */,
			);
			defaultConfigurationIsVisible = 0;
			defaultConfigurationName = Release;
		};
		BCD4D7021B5F232300190118 /* Build configuration list for PBXNativeTarget "BlocNotesTests" */ = {
			isa = XCConfigurationList;
			buildConfigurations = (
				BCD4D7031B5F232300190118 /* Debug */,
				BCD4D7041B5F232300190118 /* Release */,
			);
			defaultConfigurationIsVisible = 0;
			defaultConfigurationName = Release;
		};
/* End XCConfigurationList section */

/* Begin XCVersionGroup section */
		BCD4D6E91B5F232300190118 /* BlocNotes.xcdatamodeld */ = {
			isa = XCVersionGroup;
			children = (
				BCD4D6EA1B5F232300190118 /* BlocNotes.xcdatamodel */,
			);
			currentVersion = BCD4D6EA1B5F232300190118 /* BlocNotes.xcdatamodel */;
			path = BlocNotes.xcdatamodeld;
			sourceTree = "<group>";
			versionGroupType = wrapper.xcdatamodel;
		};
/* End XCVersionGroup section */
	};
	rootObject = BCD4D6D71B5F232300190118 /* Project object */;
}
